
Microsoft Visual Studio Solution File, Format Version 12.00
# Visual Studio Version 16
VisualStudioVersion = 16.0.31105.61
MinimumVisualStudioVersion = 10.0.40219.1
Project("{FAE04EC0-301F-11D3-BF4B-00C04F79EFBC}") = "process-manager", "process-manager\process-manager.csproj", "{64625129-F573-47AF-9B4D-133C25D24AE8}"
EndProject
Global
	GlobalSection(SolutionConfigurationPlatforms) = preSolution
		Debug|Any CPU = Debug|Any CPU
		Release|Any CPU = Release|Any CPU
	EndGlobalSection
	GlobalSection(ProjectConfigurationPlatforms) = postSolution
		{64625129-F573-47AF-9B4D-133C25D24AE8}.Debug|Any CPU.ActiveCfg = Debug|Any CPU
		{64625129-F573-47AF-9B4D-133C25D24AE8}.Debug|Any CPU.Build.0 = Debug|Any CPU
		{64625129-F573-47AF-9B4D-133C25D24AE8}.Release|Any CPU.ActiveCfg = Release|Any CPU
		{64625129-F573-47AF-9B4D-133C25D24AE8}.Release|Any CPU.Build.0 = Release|Any CPU
	EndGlobalSection
	GlobalSection(SolutionProperties) = preSolution
		HideSolutionNode = FALSE
	EndGlobalSection
	GlobalSection(ExtensibilityGlobals) = postSolution
		SolutionGuid = {4BD7B5D5-2A3E-4798-9F94-B3A58ED8E10B}
	EndGlobalSection
EndGlobal
