
Microsoft Visual Studio Solution File, Format Version 12.00
# Visual Studio Version 16
VisualStudioVersion = 16.0.31515.178
MinimumVisualStudioVersion = 10.0.40219.1
Project("{9A19103F-16F7-4668-BE54-9A1E7A4F7556}") = "custom-paint", "custom-paint\custom-paint.csproj", "{D3C8CE21-BA11-45EB-B67E-C58E8D8F3061}"
EndProject
Global
	GlobalSection(SolutionConfigurationPlatforms) = preSolution
		Debug|Any CPU = Debug|Any CPU
		Release|Any CPU = Release|Any CPU
	EndGlobalSection
	GlobalSection(ProjectConfigurationPlatforms) = postSolution
		{D3C8CE21-BA11-45EB-B67E-C58E8D8F3061}.Debug|Any CPU.ActiveCfg = Debug|Any CPU
		{D3C8CE21-BA11-45EB-B67E-C58E8D8F3061}.Debug|Any CPU.Build.0 = Debug|Any CPU
		{D3C8CE21-BA11-45EB-B67E-C58E8D8F3061}.Release|Any CPU.ActiveCfg = Release|Any CPU
		{D3C8CE21-BA11-45EB-B67E-C58E8D8F3061}.Release|Any CPU.Build.0 = Release|Any CPU
	EndGlobalSection
	GlobalSection(SolutionProperties) = preSolution
		HideSolutionNode = FALSE
	EndGlobalSection
	GlobalSection(ExtensibilityGlobals) = postSolution
		SolutionGuid = {DE827C48-2BFC-4573-A3B5-86B81EAACA7C}
	EndGlobalSection
EndGlobal
